
Microsoft Visual Studio Solution File, Format Version 12.00
# Visual Studio Version 16
VisualStudioVersion = 16.0.30523.141
MinimumVisualStudioVersion = 10.0.40219.1
Project("{FAE04EC0-301F-11D3-BF4B-00C04F79EFBC}") = "CRUD_EntityFramework_Ti32", "CRUD_EntityFramework_Ti32\CRUD_EntityFramework_Ti32.csproj", "{EAFA5238-1955-4736-BED1-5EF7A0D64481}"
EndProject
Global
	GlobalSection(SolutionConfigurationPlatforms) = preSolution
		Debug|Any CPU = Debug|Any CPU
		Release|Any CPU = Release|Any CPU
	EndGlobalSection
	GlobalSection(ProjectConfigurationPlatforms) = postSolution
		{EAFA5238-1955-4736-BED1-5EF7A0D64481}.Debug|Any CPU.ActiveCfg = Debug|Any CPU
		{EAFA5238-1955-4736-BED1-5EF7A0D64481}.Debug|Any CPU.Build.0 = Debug|Any CPU
		{EAFA5238-1955-4736-BED1-5EF7A0D64481}.Release|Any CPU.ActiveCfg = Release|Any CPU
		{EAFA5238-1955-4736-BED1-5EF7A0D64481}.Release|Any CPU.Build.0 = Release|Any CPU
	EndGlobalSection
	GlobalSection(SolutionProperties) = preSolution
		HideSolutionNode = FALSE
	EndGlobalSection
	GlobalSection(ExtensibilityGlobals) = postSolution
		SolutionGuid = {5CB23045-4501-42F6-AD07-CBC3788CD456}
	EndGlobalSection
EndGlobal
